// !$*UTF8*$!
{
	archiveVersion = 1;
	classes = {
	};
	objectVersion = 50;
	objects = {

/* Begin PBXBuildFile section */
		291B961B242131340091BCC3 /* MemeDetailViewController.swift in Sources */ = {isa = PBXBuildFile; fileRef = 291B961A242131340091BCC3 /* MemeDetailViewController.swift */; };
		29B55AE92395AAC6009374E8 /* AppDelegate.swift in Sources */ = {isa = PBXBuildFile; fileRef = 29B55AE82395AAC6009374E8 /* AppDelegate.swift */; };
		29B55AEB2395AAC6009374E8 /* SceneDelegate.swift in Sources */ = {isa = PBXBuildFile; fileRef = 29B55AEA2395AAC6009374E8 /* SceneDelegate.swift */; };
		29B55AED2395AAC6009374E8 /* MemeEditorViewController.swift in Sources */ = {isa = PBXBuildFile; fileRef = 29B55AEC2395AAC6009374E8 /* MemeEditorViewController.swift */; };
		29B55AF02395AAC6009374E8 /* Main.storyboard in Resources */ = {isa = PBXBuildFile; fileRef = 29B55AEE2395AAC6009374E8 /* Main.storyboard */; };
		29B55AF22395AAC9009374E8 /* Assets.xcassets in Resources */ = {isa = PBXBuildFile; fileRef = 29B55AF12395AAC9009374E8 /* Assets.xcassets */; };
		29B55AF52395AAC9009374E8 /* LaunchScreen.storyboard in Resources */ = {isa = PBXBuildFile; fileRef = 29B55AF32395AAC9009374E8 /* LaunchScreen.storyboard */; };
		29B8042324200F5C00C9027F /* Meme.swift in Sources */ = {isa = PBXBuildFile; fileRef = 29B8042224200F5C00C9027F /* Meme.swift */; };
		29B804252420132500C9027F /* MemesTableViewController.swift in Sources */ = {isa = PBXBuildFile; fileRef = 29B804242420132500C9027F /* MemesTableViewController.swift */; };
		29B804272420133500C9027F /* MemesCollectionViewController.swift in Sources */ = {isa = PBXBuildFile; fileRef = 29B804262420133500C9027F /* MemesCollectionViewController.swift */; };
		29B804292420268900C9027F /* MemeCollectionViewCell.swift in Sources */ = {isa = PBXBuildFile; fileRef = 29B804282420268900C9027F /* MemeCollectionViewCell.swift */; };
/* End PBXBuildFile section */

/* Begin PBXFileReference section */
		291B961A242131340091BCC3 /* MemeDetailViewController.swift */ = {isa = PBXFileReference; lastKnownFileType = sourcecode.swift; path = MemeDetailViewController.swift; sourceTree = "<group>"; };
		29B55AE52395AAC6009374E8 /* MemeMe.app */ = {isa = PBXFileReference; explicitFileType = wrapper.application; includeInIndex = 0; path = MemeMe.app; sourceTree = BUILT_PRODUCTS_DIR; };
		29B55AE82395AAC6009374E8 /* AppDelegate.swift */ = {isa = PBXFileReference; lastKnownFileType = sourcecode.swift; path = AppDelegate.swift; sourceTree = "<group>"; };
		29B55AEA2395AAC6009374E8 /* SceneDelegate.swift */ = {isa = PBXFileReference; lastKnownFileType = sourcecode.swift; path = SceneDelegate.swift; sourceTree = "<group>"; };
		29B55AEC2395AAC6009374E8 /* MemeEditorViewController.swift */ = {isa = PBXFileReference; lastKnownFileType = sourcecode.swift; path = MemeEditorViewController.swift; sourceTree = "<group>"; };
		29B55AEF2395AAC6009374E8 /* Base */ = {isa = PBXFileReference; lastKnownFileType = file.storyboard; name = Base; path = Base.lproj/Main.storyboard; sourceTree = "<group>"; };
		29B55AF12395AAC9009374E8 /* Assets.xcassets */ = {isa = PBXFileReference; lastKnownFileType = folder.assetcatalog; path = Assets.xcassets; sourceTree = "<group>"; };
		29B55AF42395AAC9009374E8 /* Base */ = {isa = PBXFileReference; lastKnownFileType = file.storyboard; name = Base; path = Base.lproj/LaunchScreen.storyboard; sourceTree = "<group>"; };
		29B55AF62395AAC9009374E8 /* Info.plist */ = {isa = PBXFileReference; lastKnownFileType = text.plist.xml; path = Info.plist; sourceTree = "<group>"; };
		29B8042224200F5C00C9027F /* Meme.swift */ = {isa = PBXFileReference; lastKnownFileType = sourcecode.swift; path = Meme.swift; sourceTree = "<group>"; };
		29B804242420132500C9027F /* MemesTableViewController.swift */ = {isa = PBXFileReference; lastKnownFileType = sourcecode.swift; path = MemesTableViewController.swift; sourceTree = "<group>"; };
		29B804262420133500C9027F /* MemesCollectionViewController.swift */ = {isa = PBXFileReference; lastKnownFileType = sourcecode.swift; path = MemesCollectionViewController.swift; sourceTree = "<group>"; };
		29B804282420268900C9027F /* MemeCollectionViewCell.swift */ = {isa = PBXFileReference; lastKnownFileType = sourcecode.swift; path = MemeCollectionViewCell.swift; sourceTree = "<group>"; };
/* End PBXFileReference section */

/* Begin PBXFrameworksBuildPhase section */
		29B55AE22395AAC6009374E8 /* Frameworks */ = {
			isa = PBXFrameworksBuildPhase;
			buildActionMask = 2147483647;
			files = (
			);
			runOnlyForDeploymentPostprocessing = 0;
		};
/* End PBXFrameworksBuildPhase section */

/* Begin PBXGroup section */
		29B55ADC2395AAC6009374E8 = {
			isa = PBXGroup;
			children = (
				29B55AE72395AAC6009374E8 /* MemeMe */,
				29B55AE62395AAC6009374E8 /* Products */,
			);
			sourceTree = "<group>";
		};
		29B55AE62395AAC6009374E8 /* Products */ = {
			isa = PBXGroup;
			children = (
				29B55AE52395AAC6009374E8 /* MemeMe.app */,
			);
			name = Products;
			sourceTree = "<group>";
		};
		29B55AE72395AAC6009374E8 /* MemeMe */ = {
			isa = PBXGroup;
			children = (
				29B55AE82395AAC6009374E8 /* AppDelegate.swift */,
				29B55AEA2395AAC6009374E8 /* SceneDelegate.swift */,
				29B55AEC2395AAC6009374E8 /* MemeEditorViewController.swift */,
				29B55AEE2395AAC6009374E8 /* Main.storyboard */,
				29B55AF12395AAC9009374E8 /* Assets.xcassets */,
				29B55AF32395AAC9009374E8 /* LaunchScreen.storyboard */,
				29B55AF62395AAC9009374E8 /* Info.plist */,
				29B8042224200F5C00C9027F /* Meme.swift */,
				29B804242420132500C9027F /* MemesTableViewController.swift */,
				29B804262420133500C9027F /* MemesCollectionViewController.swift */,
				29B804282420268900C9027F /* MemeCollectionViewCell.swift */,
				291B961A242131340091BCC3 /* MemeDetailViewController.swift */,
			);
			path = MemeMe;
			sourceTree = "<group>";
		};
/* End PBXGroup section */

/* Begin PBXNativeTarget section */
		29B55AE42395AAC6009374E8 /* MemeMe */ = {
			isa = PBXNativeTarget;
			buildConfigurationList = 29B55AF92395AAC9009374E8 /* Build configuration list for PBXNativeTarget "MemeMe" */;
			buildPhases = (
				29B55AE12395AAC6009374E8 /* Sources */,
				29B55AE22395AAC6009374E8 /* Frameworks */,
				29B55AE32395AAC6009374E8 /* Resources */,
			);
			buildRules = (
			);
			dependencies = (
			);
			name = MemeMe;
			productName = MemeMe;
			productReference = 29B55AE52395AAC6009374E8 /* MemeMe.app */;
			productType = "com.apple.product-type.application";
		};
/* End PBXNativeTarget section */

/* Begin PBXProject section */
		29B55ADD2395AAC6009374E8 /* Project object */ = {
			isa = PBXProject;
			attributes = {
				LastSwiftUpdateCheck = 1120;
				LastUpgradeCheck = 1120;
				ORGANIZATIONNAME = Beardbird;
				TargetAttributes = {
					29B55AE42395AAC6009374E8 = {
						CreatedOnToolsVersion = 11.2.1;
					};
				};
			};
			buildConfigurationList = 29B55AE02395AAC6009374E8 /* Build configuration list for PBXProject "MemeMe" */;
			compatibilityVersion = "Xcode 9.3";
			developmentRegion = en;
			hasScannedForEncodings = 0;
			knownRegions = (
				en,
				Base,
			);
			mainGroup = 29B55ADC2395AAC6009374E8;
			productRefGroup = 29B55AE62395AAC6009374E8 /* Products */;
			projectDirPath = "";
			projectRoot = "";
			targets = (
				29B55AE42395AAC6009374E8 /* MemeMe */,
			);
		};
/* End PBXProject section */

/* Begin PBXResourcesBuildPhase section */
		29B55AE32395AAC6009374E8 /* Resources */ = {
			isa = PBXResourcesBuildPhase;
			buildActionMask = 2147483647;
			files = (
				29B55AF52395AAC9009374E8 /* LaunchScreen.storyboard in Resources */,
				29B55AF22395AAC9009374E8 /* Assets.xcassets in Resources */,
				29B55AF02395AAC6009374E8 /* Main.storyboard in Resources */,
			);
			runOnlyForDeploymentPostprocessing = 0;
		};
/* End PBXResourcesBuildPhase section */

/* Begin PBXSourcesBuildPhase section */
		29B55AE12395AAC6009374E8 /* Sources */ = {
			isa = PBXSourcesBuildPhase;
			buildActionMask = 2147483647;
			files = (
				29B804272420133500C9027F /* MemesCollectionViewController.swift in Sources */,
				29B55AED2395AAC6009374E8 /* MemeEditorViewController.swift in Sources */,
				29B8042324200F5C00C9027F /* Meme.swift in Sources */,
				29B804252420132500C9027F /* MemesTableViewController.swift in Sources */,
				29B804292420268900C9027F /* MemeCollectionViewCell.swift in Sources */,
				29B55AE92395AAC6009374E8 /* AppDelegate.swift in Sources */,
				29B55AEB2395AAC6009374E8 /* SceneDelegate.swift in Sources */,
				291B961B242131340091BCC3 /* MemeDetailViewController.swift in Sources */,
			);
			runOnlyForDeploymentPostprocessing = 0;
		};
/* End PBXSourcesBuildPhase section */

/* Begin PBXVariantGroup section */
		29B55AEE2395AAC6009374E8 /* Main.storyboard */ = {
			isa = PBXVariantGroup;
			children = (
				29B55AEF2395AAC6009374E8 /* Base */,
			);
			name = Main.storyboard;
			sourceTree = "<group>";
		};
		29B55AF32395AAC9009374E8 /* LaunchScreen.storyboard */ = {
			isa = PBXVariantGroup;
			children = (
				29B55AF42395AAC9009374E8 /* Base */,
			);
			name = LaunchScreen.storyboard;
			sourceTree = "<group>";
		};
/* End PBXVariantGroup section */

/* Begin XCBuildConfiguration section */
		29B55AF72395AAC9009374E8 /* Debug */ = {
			isa = XCBuildConfiguration;
			buildSettings = {
				ALWAYS_SEARCH_USER_PATHS = NO;
				CLANG_ANALYZER_NONNULL = YES;
				CLANG_ANALYZER_NUMBER_OBJECT_CONVERSION = YES_AGGRESSIVE;
				CLANG_CXX_LANGUAGE_STANDARD = "gnu++14";
				CLANG_CXX_LIBRARY = "libc++";
				CLANG_ENABLE_MODULES = YES;
				CLANG_ENABLE_OBJC_ARC = YES;
				CLANG_ENABLE_OBJC_WEAK = YES;
				CLANG_WARN_BLOCK_CAPTURE_AUTORELEASING = YES;
				CLANG_WARN_BOOL_CONVERSION = YES;
				CLANG_WARN_COMMA = YES;
				CLANG_WARN_CONSTANT_CONVERSION = YES;
				CLANG_WARN_DEPRECATED_OBJC_IMPLEMENTATIONS = YES;
				CLANG_WARN_DIRECT_OBJC_ISA_USAGE = YES_ERROR;
				CLANG_WARN_DOCUMENTATION_COMMENTS = YES;
				CLANG_WARN_EMPTY_BODY = YES;
				CLANG_WARN_ENUM_CONVERSION = YES;
				CLANG_WARN_INFINITE_RECURSION = YES;
				CLANG_WARN_INT_CONVERSION = YES;
				CLANG_WARN_NON_LITERAL_NULL_CONVERSION = YES;
				CLANG_WARN_OBJC_IMPLICIT_RETAIN_SELF = YES;
				CLANG_WARN_OBJC_LITERAL_CONVERSION = YES;
				CLANG_WARN_OBJC_ROOT_CLASS = YES_ERROR;
				CLANG_WARN_RANGE_LOOP_ANALYSIS = YES;
				CLANG_WARN_STRICT_PROTOTYPES = YES;
				CLANG_WARN_SUSPICIOUS_MOVE = YES;
				CLANG_WARN_UNGUARDED_AVAILABILITY = YES_AGGRESSIVE;
				CLANG_WARN_UNREACHABLE_CODE = YES;
				CLANG_WARN__DUPLICATE_METHOD_MATCH = YES;
				COPY_PHASE_STRIP = NO;
				DEBUG_INFORMATION_FORMAT = dwarf;
				ENABLE_STRICT_OBJC_MSGSEND = YES;
				ENABLE_TESTABILITY = YES;
				GCC_C_LANGUAGE_STANDARD = gnu11;
				GCC_DYNAMIC_NO_PIC = NO;
				GCC_NO_COMMON_BLOCKS = YES;
				GCC_OPTIMIZATION_LEVEL = 0;
				GCC_PREPROCESSOR_DEFINITIONS = (
					"DEBUG=1",
					"$(inherited)",
				);
				GCC_WARN_64_TO_32_BIT_CONVERSION = YES;
				GCC_WARN_ABOUT_RETURN_TYPE = YES_ERROR;
				GCC_WARN_UNDECLARED_SELECTOR = YES;
				GCC_WARN_UNINITIALIZED_AUTOS = YES_AGGRESSIVE;
				GCC_WARN_UNUSED_FUNCTION = YES;
				GCC_WARN_UNUSED_VARIABLE = YES;
				IPHONEOS_DEPLOYMENT_TARGET = 13.2;
				MTL_ENABLE_DEBUG_INFO = INCLUDE_SOURCE;
				MTL_FAST_MATH = YES;
				ONLY_ACTIVE_ARCH = YES;
				SDKROOT = iphoneos;
				SWIFT_ACTIVE_COMPILATION_CONDITIONS = DEBUG;
				SWIFT_OPTIMIZATION_LEVEL = "-Onone";
			};
			name = Debug;
		};
		29B55AF82395AAC9009374E8 /* Release */ = {
			isa = XCBuildConfiguration;
			buildSettings = {
				ALWAYS_SEARCH_USER_PATHS = NO;
				CLANG_ANALYZER_NONNULL = YES;
				CLANG_ANALYZER_NUMBER_OBJECT_CONVERSION = YES_AGGRESSIVE;
				CLANG_CXX_LANGUAGE_STANDARD = "gnu++14";
				CLANG_CXX_LIBRARY = "libc++";
				CLANG_ENABLE_MODULES = YES;
				CLANG_ENABLE_OBJC_ARC = YES;
				CLANG_ENABLE_OBJC_WEAK = YES;
				CLANG_WARN_BLOCK_CAPTURE_AUTORELEASING = YES;
				CLANG_WARN_BOOL_CONVERSION = YES;
				CLANG_WARN_COMMA = YES;
				CLANG_WARN_CONSTANT_CONVERSION = YES;
				CLANG_WARN_DEPRECATED_OBJC_IMPLEMENTATIONS = YES;
				CLANG_WARN_DIRECT_OBJC_ISA_USAGE = YES_ERROR;
				CLANG_WARN_DOCUMENTATION_COMMENTS = YES;
				CLANG_WARN_EMPTY_BODY = YES;
				CLANG_WARN_ENUM_CONVERSION = YES;
				CLANG_WARN_INFINITE_RECURSION = YES;
				CLANG_WARN_INT_CONVERSION = YES;
				CLANG_WARN_NON_LITERAL_NULL_CONVERSION = YES;
				CLANG_WARN_OBJC_IMPLICIT_RETAIN_SELF = YES;
				CLANG_WARN_OBJC_LITERAL_CONVERSION = YES;
				CLANG_WARN_OBJC_ROOT_CLASS = YES_ERROR;
				CLANG_WARN_RANGE_LOOP_ANALYSIS = YES;
				CLANG_WARN_STRICT_PROTOTYPES = YES;
				CLANG_WARN_SUSPICIOUS_MOVE = YES;
				CLANG_WARN_UNGUARDED_AVAILABILITY = YES_AGGRESSIVE;
				CLANG_WARN_UNREACHABLE_CODE = YES;
				CLANG_WARN__DUPLICATE_METHOD_MATCH = YES;
				COPY_PHASE_STRIP = NO;
				DEBUG_INFORMATION_FORMAT = "dwarf-with-dsym";
				ENABLE_NS_ASSERTIONS = NO;
				ENABLE_STRICT_OBJC_MSGSEND = YES;
				GCC_C_LANGUAGE_STANDARD = gnu11;
				GCC_NO_COMMON_BLOCKS = YES;
				GCC_WARN_64_TO_32_BIT_CONVERSION = YES;
				GCC_WARN_ABOUT_RETURN_TYPE = YES_ERROR;
				GCC_WARN_UNDECLARED_SELECTOR = YES;
				GCC_WARN_UNINITIALIZED_AUTOS = YES_AGGRESSIVE;
				GCC_WARN_UNUSED_FUNCTION = YES;
				GCC_WARN_UNUSED_VARIABLE = YES;
				IPHONEOS_DEPLOYMENT_TARGET = 13.2;
				MTL_ENABLE_DEBUG_INFO = NO;
				MTL_FAST_MATH = YES;
				SDKROOT = iphoneos;
				SWIFT_COMPILATION_MODE = wholemodule;
				SWIFT_OPTIMIZATION_LEVEL = "-O";
				VALIDATE_PRODUCT = YES;
			};
			name = Release;
		};
		29B55AFA2395AAC9009374E8 /* Debug */ = {
			isa = XCBuildConfiguration;
			buildSettings = {
				ASSETCATALOG_COMPILER_APPICON_NAME = AppIcon;
				CODE_SIGN_STYLE = Automatic;
				DEVELOPMENT_TEAM = WWJQ6NP6PU;
				INFOPLIST_FILE = MemeMe/Info.plist;
				LD_RUNPATH_SEARCH_PATHS = (
					"$(inherited)",
					"@executable_path/Frameworks",
				);
				PRODUCT_BUNDLE_IDENTIFIER = com.beardbird.MemeMe;
				PRODUCT_NAME = "$(TARGET_NAME)";
				SWIFT_VERSION = 5.0;
				TARGETED_DEVICE_FAMILY = "1,2";
			};
			name = Debug;
		};
		29B55AFB2395AAC9009374E8 /* Release */ = {
			isa = XCBuildConfiguration;
			buildSettings = {
				ASSETCATALOG_COMPILER_APPICON_NAME = AppIcon;
				CODE_SIGN_STYLE = Automatic;
				DEVELOPMENT_TEAM = WWJQ6NP6PU;
				INFOPLIST_FILE = MemeMe/Info.plist;
				LD_RUNPATH_SEARCH_PATHS = (
					"$(inherited)",
					"@executable_path/Frameworks",
				);
				PRODUCT_BUNDLE_IDENTIFIER = com.beardbird.MemeMe;
				PRODUCT_NAME = "$(TARGET_NAME)";
				SWIFT_VERSION = 5.0;
				TARGETED_DEVICE_FAMILY = "1,2";
			};
			name = Release;
		};
/* End XCBuildConfiguration section */

/* Begin XCConfigurationList section */
		29B55AE02395AAC6009374E8 /* Build configuration list for PBXProject "MemeMe" */ = {
			isa = XCConfigurationList;
			buildConfigurations = (
				29B55AF72395AAC9009374E8 /* Debug */,
				29B55AF82395AAC9009374E8 /* Release */,
			);
			defaultConfigurationIsVisible = 0;
			defaultConfigurationName = Release;
		};
		29B55AF92395AAC9009374E8 /* Build configuration list for PBXNativeTarget "MemeMe" */ = {
			isa = XCConfigurationList;
			buildConfigurations = (
				29B55AFA2395AAC9009374E8 /* Debug */,
				29B55AFB2395AAC9009374E8 /* Release */,
			);
			defaultConfigurationIsVisible = 0;
			defaultConfigurationName = Release;
		};
/* End XCConfigurationList section */
	};
	rootObject = 29B55ADD2395AAC6009374E8 /* Project object */;
}
